# THIS IS AN AUTOGENERATED FILE. DO NOT EDIT THIS FILE DIRECTLY.
# yarn lockfile v1


consul@^0.38.0:
  version "0.38.0"
  resolved "https://registry.yarnpkg.com/consul/-/consul-0.38.0.tgz#a3290ab206a99411bc09cf2043413b91c04e69f4"
  integrity sha512-QRpPH9M0ArnoB+6Lt1ji4i3SsV3K6nIWCG2dQ2K76jibQnLUXhLJByrt6/22ntMAhMj0/oNJaJZj/BPZeA+8uA==
  dependencies:
    papi "^0.29.0"

papi@^0.29.0:
  version "0.29.1"
  resolved "https://registry.yarnpkg.com/papi/-/papi-0.29.1.tgz#7373e2c527f5117d61fd2a0e6c6b1dd72bf7f180"
  integrity sha512-Y9ipSMfWuuVFO3zY9PlxOmEg+bQ7CeJ28sa9/a0veYNynLf9fwjR3+3fld5otEy7okUaEOUuCHVH62MyTmACXQ==
